
Microsoft Visual Studio Solution File, Format Version 12.00
# Visual Studio Version 16
VisualStudioVersion = 16.0.30114.105
MinimumVisualStudioVersion = 10.0.40219.1
Project("{2150E333-8FDC-42A3-9474-1A3956D46DE8}") = "src", "src", "{4EFBAC63-241B-46A8-B520-0601E0F4174F}"
EndProject
Project("{FAE04EC0-301F-11D3-BF4B-00C04F79EFBC}") = "Soil.Net", "src\Soil.Net\Soil.Net.csproj", "{DD688BD5-DA84-4756-A222-59458BF5886B}"
EndProject
Project("{FAE04EC0-301F-11D3-BF4B-00C04F79EFBC}") = "Soil.Buffers", "src\Soil.Buffers\Soil.Buffers.csproj", "{25ABC889-BA8F-47E1-947C-216BCACCC3CC}"
EndProject
Project("{FAE04EC0-301F-11D3-BF4B-00C04F79EFBC}") = "Soil.Collections", "src\Soil.Collections\Soil.Collections.csproj", "{2ADF4382-B7FA-4B83-90AF-2609DC07B114}"
EndProject
Project("{FAE04EC0-301F-11D3-BF4B-00C04F79EFBC}") = "Soil.Event", "src\Soil.Event\Soil.Event.csproj", "{7C7650D0-8049-456A-92B9-454A4A5FB1CA}"
EndProject
Project("{FAE04EC0-301F-11D3-BF4B-00C04F79EFBC}") = "Soil.Threading", "src\Soil.Threading\Soil.Threading.csproj", "{24C2E79C-F56C-43CE-B8AB-C1E64A3D6157}"
EndProject
Project("{FAE04EC0-301F-11D3-BF4B-00C04F79EFBC}") = "Soil.ObjectPool", "src\Soil.ObjectPool\Soil.ObjectPool.csproj", "{A484F0DF-F3A7-4CCE-8B78-83C70E3510C9}"
EndProject
Project("{FAE04EC0-301F-11D3-BF4B-00C04F79EFBC}") = "Soil.Types", "src\Soil.Types\Soil.Types.csproj", "{D6BEE7DC-86A4-4571-8EA2-63E37D04C534}"
EndProject
Project("{FAE04EC0-301F-11D3-BF4B-00C04F79EFBC}") = "Soil.Game", "src\Soil.Game\Soil.Game.csproj", "{06A55740-642C-4DFF-A72A-0625F2ED6779}"
EndProject
Project("{FAE04EC0-301F-11D3-BF4B-00C04F79EFBC}") = "Soil.Math", "src\Soil.Math\Soil.Math.csproj", "{449BD878-3B21-46BB-9883-2798DC9776C9}"
EndProject
Project("{FAE04EC0-301F-11D3-BF4B-00C04F79EFBC}") = "Soil.Net.Channel.Codec.ProtoBufNet", "src\Soil.Net.Channel.Codec.ProtoBufNet\Soil.Net.Channel.Codec.ProtoBufNet.csproj", "{05DDC618-D92C-4291-95C8-F8710DA0B5E3}"
EndProject
Global
	GlobalSection(SolutionConfigurationPlatforms) = preSolution
		Debug|Any CPU = Debug|Any CPU
		Debug|x64 = Debug|x64
		Debug|x86 = Debug|x86
		Release|Any CPU = Release|Any CPU
		Release|x64 = Release|x64
		Release|x86 = Release|x86
	EndGlobalSection
	GlobalSection(SolutionProperties) = preSolution
		HideSolutionNode = FALSE
	EndGlobalSection
	GlobalSection(ProjectConfigurationPlatforms) = postSolution
		{DD688BD5-DA84-4756-A222-59458BF5886B}.Debug|Any CPU.ActiveCfg = Debug|Any CPU
		{DD688BD5-DA84-4756-A222-59458BF5886B}.Debug|Any CPU.Build.0 = Debug|Any CPU
		{DD688BD5-DA84-4756-A222-59458BF5886B}.Debug|x64.ActiveCfg = Debug|Any CPU
		{DD688BD5-DA84-4756-A222-59458BF5886B}.Debug|x64.Build.0 = Debug|Any CPU
		{DD688BD5-DA84-4756-A222-59458BF5886B}.Debug|x86.ActiveCfg = Debug|Any CPU
		{DD688BD5-DA84-4756-A222-59458BF5886B}.Debug|x86.Build.0 = Debug|Any CPU
		{DD688BD5-DA84-4756-A222-59458BF5886B}.Release|Any CPU.ActiveCfg = Release|Any CPU
		{DD688BD5-DA84-4756-A222-59458BF5886B}.Release|Any CPU.Build.0 = Release|Any CPU
		{DD688BD5-DA84-4756-A222-59458BF5886B}.Release|x64.ActiveCfg = Release|Any CPU
		{DD688BD5-DA84-4756-A222-59458BF5886B}.Release|x64.Build.0 = Release|Any CPU
		{DD688BD5-DA84-4756-A222-59458BF5886B}.Release|x86.ActiveCfg = Release|Any CPU
		{DD688BD5-DA84-4756-A222-59458BF5886B}.Release|x86.Build.0 = Release|Any CPU
		{25ABC889-BA8F-47E1-947C-216BCACCC3CC}.Debug|Any CPU.ActiveCfg = Debug|Any CPU
		{25ABC889-BA8F-47E1-947C-216BCACCC3CC}.Debug|Any CPU.Build.0 = Debug|Any CPU
		{25ABC889-BA8F-47E1-947C-216BCACCC3CC}.Debug|x64.ActiveCfg = Debug|Any CPU
		{25ABC889-BA8F-47E1-947C-216BCACCC3CC}.Debug|x64.Build.0 = Debug|Any CPU
		{25ABC889-BA8F-47E1-947C-216BCACCC3CC}.Debug|x86.ActiveCfg = Debug|Any CPU
		{25ABC889-BA8F-47E1-947C-216BCACCC3CC}.Debug|x86.Build.0 = Debug|Any CPU
		{25ABC889-BA8F-47E1-947C-216BCACCC3CC}.Release|Any CPU.ActiveCfg = Release|Any CPU
		{25ABC889-BA8F-47E1-947C-216BCACCC3CC}.Release|Any CPU.Build.0 = Release|Any CPU
		{25ABC889-BA8F-47E1-947C-216BCACCC3CC}.Release|x64.ActiveCfg = Release|Any CPU
		{25ABC889-BA8F-47E1-947C-216BCACCC3CC}.Release|x64.Build.0 = Release|Any CPU
		{25ABC889-BA8F-47E1-947C-216BCACCC3CC}.Release|x86.ActiveCfg = Release|Any CPU
		{25ABC889-BA8F-47E1-947C-216BCACCC3CC}.Release|x86.Build.0 = Release|Any CPU
		{2ADF4382-B7FA-4B83-90AF-2609DC07B114}.Debug|Any CPU.ActiveCfg = Debug|Any CPU
		{2ADF4382-B7FA-4B83-90AF-2609DC07B114}.Debug|Any CPU.Build.0 = Debug|Any CPU
		{2ADF4382-B7FA-4B83-90AF-2609DC07B114}.Debug|x64.ActiveCfg = Debug|Any CPU
		{2ADF4382-B7FA-4B83-90AF-2609DC07B114}.Debug|x64.Build.0 = Debug|Any CPU
		{2ADF4382-B7FA-4B83-90AF-2609DC07B114}.Debug|x86.ActiveCfg = Debug|Any CPU
		{2ADF4382-B7FA-4B83-90AF-2609DC07B114}.Debug|x86.Build.0 = Debug|Any CPU
		{2ADF4382-B7FA-4B83-90AF-2609DC07B114}.Release|Any CPU.ActiveCfg = Release|Any CPU
		{2ADF4382-B7FA-4B83-90AF-2609DC07B114}.Release|Any CPU.Build.0 = Release|Any CPU
		{2ADF4382-B7FA-4B83-90AF-2609DC07B114}.Release|x64.ActiveCfg = Release|Any CPU
		{2ADF4382-B7FA-4B83-90AF-2609DC07B114}.Release|x64.Build.0 = Release|Any CPU
		{2ADF4382-B7FA-4B83-90AF-2609DC07B114}.Release|x86.ActiveCfg = Release|Any CPU
		{2ADF4382-B7FA-4B83-90AF-2609DC07B114}.Release|x86.Build.0 = Release|Any CPU
		{7C7650D0-8049-456A-92B9-454A4A5FB1CA}.Debug|Any CPU.ActiveCfg = Debug|Any CPU
		{7C7650D0-8049-456A-92B9-454A4A5FB1CA}.Debug|Any CPU.Build.0 = Debug|Any CPU
		{7C7650D0-8049-456A-92B9-454A4A5FB1CA}.Debug|x64.ActiveCfg = Debug|Any CPU
		{7C7650D0-8049-456A-92B9-454A4A5FB1CA}.Debug|x64.Build.0 = Debug|Any CPU
		{7C7650D0-8049-456A-92B9-454A4A5FB1CA}.Debug|x86.ActiveCfg = Debug|Any CPU
		{7C7650D0-8049-456A-92B9-454A4A5FB1CA}.Debug|x86.Build.0 = Debug|Any CPU
		{7C7650D0-8049-456A-92B9-454A4A5FB1CA}.Release|Any CPU.ActiveCfg = Release|Any CPU
		{7C7650D0-8049-456A-92B9-454A4A5FB1CA}.Release|Any CPU.Build.0 = Release|Any CPU
		{7C7650D0-8049-456A-92B9-454A4A5FB1CA}.Release|x64.ActiveCfg = Release|Any CPU
		{7C7650D0-8049-456A-92B9-454A4A5FB1CA}.Release|x64.Build.0 = Release|Any CPU
		{7C7650D0-8049-456A-92B9-454A4A5FB1CA}.Release|x86.ActiveCfg = Release|Any CPU
		{7C7650D0-8049-456A-92B9-454A4A5FB1CA}.Release|x86.Build.0 = Release|Any CPU
		{24C2E79C-F56C-43CE-B8AB-C1E64A3D6157}.Debug|Any CPU.ActiveCfg = Debug|Any CPU
		{24C2E79C-F56C-43CE-B8AB-C1E64A3D6157}.Debug|Any CPU.Build.0 = Debug|Any CPU
		{24C2E79C-F56C-43CE-B8AB-C1E64A3D6157}.Debug|x64.ActiveCfg = Debug|Any CPU
		{24C2E79C-F56C-43CE-B8AB-C1E64A3D6157}.Debug|x64.Build.0 = Debug|Any CPU
		{24C2E79C-F56C-43CE-B8AB-C1E64A3D6157}.Debug|x86.ActiveCfg = Debug|Any CPU
		{24C2E79C-F56C-43CE-B8AB-C1E64A3D6157}.Debug|x86.Build.0 = Debug|Any CPU
		{24C2E79C-F56C-43CE-B8AB-C1E64A3D6157}.Release|Any CPU.ActiveCfg = Release|Any CPU
		{24C2E79C-F56C-43CE-B8AB-C1E64A3D6157}.Release|Any CPU.Build.0 = Release|Any CPU
		{24C2E79C-F56C-43CE-B8AB-C1E64A3D6157}.Release|x64.ActiveCfg = Release|Any CPU
		{24C2E79C-F56C-43CE-B8AB-C1E64A3D6157}.Release|x64.Build.0 = Release|Any CPU
		{24C2E79C-F56C-43CE-B8AB-C1E64A3D6157}.Release|x86.ActiveCfg = Release|Any CPU
		{24C2E79C-F56C-43CE-B8AB-C1E64A3D6157}.Release|x86.Build.0 = Release|Any CPU
		{A484F0DF-F3A7-4CCE-8B78-83C70E3510C9}.Debug|Any CPU.ActiveCfg = Debug|Any CPU
		{A484F0DF-F3A7-4CCE-8B78-83C70E3510C9}.Debug|Any CPU.Build.0 = Debug|Any CPU
		{A484F0DF-F3A7-4CCE-8B78-83C70E3510C9}.Debug|x64.ActiveCfg = Debug|Any CPU
		{A484F0DF-F3A7-4CCE-8B78-83C70E3510C9}.Debug|x64.Build.0 = Debug|Any CPU
		{A484F0DF-F3A7-4CCE-8B78-83C70E3510C9}.Debug|x86.ActiveCfg = Debug|Any CPU
		{A484F0DF-F3A7-4CCE-8B78-83C70E3510C9}.Debug|x86.Build.0 = Debug|Any CPU
		{A484F0DF-F3A7-4CCE-8B78-83C70E3510C9}.Release|Any CPU.ActiveCfg = Release|Any CPU
		{A484F0DF-F3A7-4CCE-8B78-83C70E3510C9}.Release|Any CPU.Build.0 = Release|Any CPU
		{A484F0DF-F3A7-4CCE-8B78-83C70E3510C9}.Release|x64.ActiveCfg = Release|Any CPU
		{A484F0DF-F3A7-4CCE-8B78-83C70E3510C9}.Release|x64.Build.0 = Release|Any CPU
		{A484F0DF-F3A7-4CCE-8B78-83C70E3510C9}.Release|x86.ActiveCfg = Release|Any CPU
		{A484F0DF-F3A7-4CCE-8B78-83C70E3510C9}.Release|x86.Build.0 = Release|Any CPU
		{D6BEE7DC-86A4-4571-8EA2-63E37D04C534}.Debug|Any CPU.ActiveCfg = Debug|Any CPU
		{D6BEE7DC-86A4-4571-8EA2-63E37D04C534}.Debug|Any CPU.Build.0 = Debug|Any CPU
		{D6BEE7DC-86A4-4571-8EA2-63E37D04C534}.Debug|x64.ActiveCfg = Debug|Any CPU
		{D6BEE7DC-86A4-4571-8EA2-63E37D04C534}.Debug|x64.Build.0 = Debug|Any CPU
		{D6BEE7DC-86A4-4571-8EA2-63E37D04C534}.Debug|x86.ActiveCfg = Debug|Any CPU
		{D6BEE7DC-86A4-4571-8EA2-63E37D04C534}.Debug|x86.Build.0 = Debug|Any CPU
		{D6BEE7DC-86A4-4571-8EA2-63E37D04C534}.Release|Any CPU.ActiveCfg = Release|Any CPU
		{D6BEE7DC-86A4-4571-8EA2-63E37D04C534}.Release|Any CPU.Build.0 = Release|Any CPU
		{D6BEE7DC-86A4-4571-8EA2-63E37D04C534}.Release|x64.ActiveCfg = Release|Any CPU
		{D6BEE7DC-86A4-4571-8EA2-63E37D04C534}.Release|x64.Build.0 = Release|Any CPU
		{D6BEE7DC-86A4-4571-8EA2-63E37D04C534}.Release|x86.ActiveCfg = Release|Any CPU
		{D6BEE7DC-86A4-4571-8EA2-63E37D04C534}.Release|x86.Build.0 = Release|Any CPU
		{06A55740-642C-4DFF-A72A-0625F2ED6779}.Debug|Any CPU.ActiveCfg = Debug|Any CPU
		{06A55740-642C-4DFF-A72A-0625F2ED6779}.Debug|Any CPU.Build.0 = Debug|Any CPU
		{06A55740-642C-4DFF-A72A-0625F2ED6779}.Debug|x64.ActiveCfg = Debug|Any CPU
		{06A55740-642C-4DFF-A72A-0625F2ED6779}.Debug|x64.Build.0 = Debug|Any CPU
		{06A55740-642C-4DFF-A72A-0625F2ED6779}.Debug|x86.ActiveCfg = Debug|Any CPU
		{06A55740-642C-4DFF-A72A-0625F2ED6779}.Debug|x86.Build.0 = Debug|Any CPU
		{06A55740-642C-4DFF-A72A-0625F2ED6779}.Release|Any CPU.ActiveCfg = Release|Any CPU
		{06A55740-642C-4DFF-A72A-0625F2ED6779}.Release|Any CPU.Build.0 = Release|Any CPU
		{06A55740-642C-4DFF-A72A-0625F2ED6779}.Release|x64.ActiveCfg = Release|Any CPU
		{06A55740-642C-4DFF-A72A-0625F2ED6779}.Release|x64.Build.0 = Release|Any CPU
		{06A55740-642C-4DFF-A72A-0625F2ED6779}.Release|x86.ActiveCfg = Release|Any CPU
		{06A55740-642C-4DFF-A72A-0625F2ED6779}.Release|x86.Build.0 = Release|Any CPU
		{449BD878-3B21-46BB-9883-2798DC9776C9}.Debug|Any CPU.ActiveCfg = Debug|Any CPU
		{449BD878-3B21-46BB-9883-2798DC9776C9}.Debug|Any CPU.Build.0 = Debug|Any CPU
		{449BD878-3B21-46BB-9883-2798DC9776C9}.Debug|x64.ActiveCfg = Debug|Any CPU
		{449BD878-3B21-46BB-9883-2798DC9776C9}.Debug|x64.Build.0 = Debug|Any CPU
		{449BD878-3B21-46BB-9883-2798DC9776C9}.Debug|x86.ActiveCfg = Debug|Any CPU
		{449BD878-3B21-46BB-9883-2798DC9776C9}.Debug|x86.Build.0 = Debug|Any CPU
		{449BD878-3B21-46BB-9883-2798DC9776C9}.Release|Any CPU.ActiveCfg = Release|Any CPU
		{449BD878-3B21-46BB-9883-2798DC9776C9}.Release|Any CPU.Build.0 = Release|Any CPU
		{449BD878-3B21-46BB-9883-2798DC9776C9}.Release|x64.ActiveCfg = Release|Any CPU
		{449BD878-3B21-46BB-9883-2798DC9776C9}.Release|x64.Build.0 = Release|Any CPU
		{449BD878-3B21-46BB-9883-2798DC9776C9}.Release|x86.ActiveCfg = Release|Any CPU
		{449BD878-3B21-46BB-9883-2798DC9776C9}.Release|x86.Build.0 = Release|Any CPU
		{05DDC618-D92C-4291-95C8-F8710DA0B5E3}.Debug|Any CPU.ActiveCfg = Debug|Any CPU
		{05DDC618-D92C-4291-95C8-F8710DA0B5E3}.Debug|Any CPU.Build.0 = Debug|Any CPU
		{05DDC618-D92C-4291-95C8-F8710DA0B5E3}.Debug|x64.ActiveCfg = Debug|Any CPU
		{05DDC618-D92C-4291-95C8-F8710DA0B5E3}.Debug|x64.Build.0 = Debug|Any CPU
		{05DDC618-D92C-4291-95C8-F8710DA0B5E3}.Debug|x86.ActiveCfg = Debug|Any CPU
		{05DDC618-D92C-4291-95C8-F8710DA0B5E3}.Debug|x86.Build.0 = Debug|Any CPU
		{05DDC618-D92C-4291-95C8-F8710DA0B5E3}.Release|Any CPU.ActiveCfg = Release|Any CPU
		{05DDC618-D92C-4291-95C8-F8710DA0B5E3}.Release|Any CPU.Build.0 = Release|Any CPU
		{05DDC618-D92C-4291-95C8-F8710DA0B5E3}.Release|x64.ActiveCfg = Release|Any CPU
		{05DDC618-D92C-4291-95C8-F8710DA0B5E3}.Release|x64.Build.0 = Release|Any CPU
		{05DDC618-D92C-4291-95C8-F8710DA0B5E3}.Release|x86.ActiveCfg = Release|Any CPU
		{05DDC618-D92C-4291-95C8-F8710DA0B5E3}.Release|x86.Build.0 = Release|Any CPU
	EndGlobalSection
	GlobalSection(NestedProjects) = preSolution
		{DD688BD5-DA84-4756-A222-59458BF5886B} = {4EFBAC63-241B-46A8-B520-0601E0F4174F}
		{25ABC889-BA8F-47E1-947C-216BCACCC3CC} = {4EFBAC63-241B-46A8-B520-0601E0F4174F}
		{2ADF4382-B7FA-4B83-90AF-2609DC07B114} = {4EFBAC63-241B-46A8-B520-0601E0F4174F}
		{7C7650D0-8049-456A-92B9-454A4A5FB1CA} = {4EFBAC63-241B-46A8-B520-0601E0F4174F}
		{24C2E79C-F56C-43CE-B8AB-C1E64A3D6157} = {4EFBAC63-241B-46A8-B520-0601E0F4174F}
		{A484F0DF-F3A7-4CCE-8B78-83C70E3510C9} = {4EFBAC63-241B-46A8-B520-0601E0F4174F}
		{D6BEE7DC-86A4-4571-8EA2-63E37D04C534} = {4EFBAC63-241B-46A8-B520-0601E0F4174F}
		{06A55740-642C-4DFF-A72A-0625F2ED6779} = {4EFBAC63-241B-46A8-B520-0601E0F4174F}
		{449BD878-3B21-46BB-9883-2798DC9776C9} = {4EFBAC63-241B-46A8-B520-0601E0F4174F}
		{05DDC618-D92C-4291-95C8-F8710DA0B5E3} = {4EFBAC63-241B-46A8-B520-0601E0F4174F}
	EndGlobalSection
EndGlobal
