{
  "version": 1,
  "dependencies": {
    "net6.0": {
      "Microsoft.Extensions.ObjectPool": {
        "type": "Direct",
        "requested": "[6.0.*, )",
        "resolved": "6.0.1",
        "contentHash": "ZyWqqp7d54J7ej5dVNm8YZ4DydyIlVZqTgmCZFkO7tmZRSWxuFYKZa6z+K2Zla9YCUSuWH5IH6rMeHel9sNiKA=="
      }
    }
  }
}