{
  "version": 1,
  "dependencies": {
    ".NETCoreApp,Version=v3.1": {
      "Google.Protobuf": {
        "type": "Direct",
        "requested": "[3.19.4, )",
        "resolved": "3.19.4",
        "contentHash": "fd07/ykL4O4FhqrZIELm5lmiyOHfdPg9+o+hWr6tcfRdS7tHXnImg/2wtogLzlW2eEmr0J7j6ZrZvaWOLiJbxQ==",
        "dependencies": {
          "System.Memory": "4.5.3",
          "System.Runtime.CompilerServices.Unsafe": "4.5.2"
        }
      },
      "System.Memory": {
        "type": "Transitive",
        "resolved": "4.5.3",
        "contentHash": "3oDzvc/zzetpTKWMShs1AADwZjQ/36HnsufHRPcOjyRAAMLDlu2iD33MBI2opxnezcVUtXyqDXXjoFMOU9c7SA=="
      },
      "System.Runtime.CompilerServices.Unsafe": {
        "type": "Transitive",
        "resolved": "4.5.2",
        "contentHash": "wprSFgext8cwqymChhrBLu62LMg/1u92bU+VOwyfBimSPVFXtsNqEWC92Pf9ofzJFlk4IHmJA75EDJn1b2goAQ=="
      },
      "soil.buffers": {
        "type": "Project",
        "dependencies": {
          "Soil.ObjectPool": "1.0.0"
        }
      },
      "soil.net": {
        "type": "Project",
        "dependencies": {
          "Soil.Buffers": "1.0.0",
          "Soil.ObjectPool": "1.0.0",
          "Soil.Threading": "1.0.0",
          "Soil.Types": "1.0.0",
          "Soil.Utils": "1.0.0"
        }
      },
      "soil.objectpool": {
        "type": "Project",
        "dependencies": {
          "Soil.Threading": "1.0.0"
        }
      },
      "soil.threading": {
        "type": "Project"
      },
      "soil.types": {
        "type": "Project"
      },
      "soil.utils": {
        "type": "Project",
        "dependencies": {
          "Soil.Threading": "1.0.0"
        }
      }
    },
    ".NETStandard,Version=v2.1": {
      "Google.Protobuf": {
        "type": "Direct",
        "requested": "[3.19.4, )",
        "resolved": "3.19.4",
        "contentHash": "fd07/ykL4O4FhqrZIELm5lmiyOHfdPg9+o+hWr6tcfRdS7tHXnImg/2wtogLzlW2eEmr0J7j6ZrZvaWOLiJbxQ==",
        "dependencies": {
          "System.Memory": "4.5.3",
          "System.Runtime.CompilerServices.Unsafe": "4.5.2"
        }
      },
      "System.Buffers": {
        "type": "Transitive",
        "resolved": "4.4.0",
        "contentHash": "AwarXzzoDwX6BgrhjoJsk6tUezZEozOT5Y9QKF94Gl4JK91I4PIIBkBco9068Y9/Dra8Dkbie99kXB8+1BaYKw=="
      },
      "System.Memory": {
        "type": "Transitive",
        "resolved": "4.5.3",
        "contentHash": "3oDzvc/zzetpTKWMShs1AADwZjQ/36HnsufHRPcOjyRAAMLDlu2iD33MBI2opxnezcVUtXyqDXXjoFMOU9c7SA==",
        "dependencies": {
          "System.Buffers": "4.4.0",
          "System.Numerics.Vectors": "4.4.0",
          "System.Runtime.CompilerServices.Unsafe": "4.5.2"
        }
      },
      "System.Numerics.Vectors": {
        "type": "Transitive",
        "resolved": "4.4.0",
        "contentHash": "UiLzLW+Lw6HLed1Hcg+8jSRttrbuXv7DANVj0DkL9g6EnnzbL75EB7EWsw5uRbhxd/4YdG8li5XizGWepmG3PQ=="
      },
      "System.Runtime.CompilerServices.Unsafe": {
        "type": "Transitive",
        "resolved": "4.5.2",
        "contentHash": "wprSFgext8cwqymChhrBLu62LMg/1u92bU+VOwyfBimSPVFXtsNqEWC92Pf9ofzJFlk4IHmJA75EDJn1b2goAQ=="
      },
      "soil.buffers": {
        "type": "Project",
        "dependencies": {
          "Soil.ObjectPool": "1.0.0"
        }
      },
      "soil.net": {
        "type": "Project",
        "dependencies": {
          "Soil.Buffers": "1.0.0",
          "Soil.ObjectPool": "1.0.0",
          "Soil.Threading": "1.0.0",
          "Soil.Types": "1.0.0",
          "Soil.Utils": "1.0.0"
        }
      },
      "soil.objectpool": {
        "type": "Project",
        "dependencies": {
          "Soil.Threading": "1.0.0"
        }
      },
      "soil.threading": {
        "type": "Project"
      },
      "soil.types": {
        "type": "Project"
      },
      "soil.utils": {
        "type": "Project",
        "dependencies": {
          "Soil.Threading": "1.0.0"
        }
      }
    },
    ".NETCoreApp,Version=v5.0": {
      "Google.Protobuf": {
        "type": "Direct",
        "requested": "[3.19.4, )",
        "resolved": "3.19.4",
        "contentHash": "fd07/ykL4O4FhqrZIELm5lmiyOHfdPg9+o+hWr6tcfRdS7tHXnImg/2wtogLzlW2eEmr0J7j6ZrZvaWOLiJbxQ=="
      },
      "soil.buffers": {
        "type": "Project",
        "dependencies": {
          "Soil.ObjectPool": "1.0.0"
        }
      },
      "soil.net": {
        "type": "Project",
        "dependencies": {
          "Soil.Buffers": "1.0.0",
          "Soil.ObjectPool": "1.0.0",
          "Soil.Threading": "1.0.0",
          "Soil.Types": "1.0.0",
          "Soil.Utils": "1.0.0"
        }
      },
      "soil.objectpool": {
        "type": "Project",
        "dependencies": {
          "Soil.Threading": "1.0.0"
        }
      },
      "soil.threading": {
        "type": "Project"
      },
      "soil.types": {
        "type": "Project"
      },
      "soil.utils": {
        "type": "Project",
        "dependencies": {
          "Soil.Threading": "1.0.0"
        }
      }
    },
    "net6.0": {
      "Google.Protobuf": {
        "type": "Direct",
        "requested": "[3.19.4, )",
        "resolved": "3.19.4",
        "contentHash": "fd07/ykL4O4FhqrZIELm5lmiyOHfdPg9+o+hWr6tcfRdS7tHXnImg/2wtogLzlW2eEmr0J7j6ZrZvaWOLiJbxQ=="
      },
      "soil.buffers": {
        "type": "Project",
        "dependencies": {
          "Soil.ObjectPool": "1.0.0"
        }
      },
      "soil.net": {
        "type": "Project",
        "dependencies": {
          "Soil.Buffers": "1.0.0",
          "Soil.ObjectPool": "1.0.0",
          "Soil.Threading": "1.0.0",
          "Soil.Types": "1.0.0",
          "Soil.Utils": "1.0.0"
        }
      },
      "soil.objectpool": {
        "type": "Project",
        "dependencies": {
          "Soil.Threading": "1.0.0"
        }
      },
      "soil.threading": {
        "type": "Project"
      },
      "soil.types": {
        "type": "Project"
      },
      "soil.utils": {
        "type": "Project",
        "dependencies": {
          "Soil.Threading": "1.0.0"
        }
      }
    }
  }
}