{
  "version": 1,
  "dependencies": {
    ".NETCoreApp,Version=v3.1": {
      "soil.buffers": {
        "type": "Project",
        "dependencies": {
          "Soil.ObjectPool": "1.0.0"
        }
      },
      "soil.objectpool": {
        "type": "Project"
      },
      "soil.threading": {
        "type": "Project"
      },
      "soil.types": {
        "type": "Project"
      },
      "soil.utils": {
        "type": "Project",
        "dependencies": {
          "Soil.Threading": "1.0.0"
        }
      }
    },
    ".NETStandard,Version=v2.1": {
      "soil.buffers": {
        "type": "Project",
        "dependencies": {
          "Soil.ObjectPool": "1.0.0"
        }
      },
      "soil.objectpool": {
        "type": "Project"
      },
      "soil.threading": {
        "type": "Project"
      },
      "soil.types": {
        "type": "Project"
      },
      "soil.utils": {
        "type": "Project",
        "dependencies": {
          "Soil.Threading": "1.0.0"
        }
      }
    },
    ".NETCoreApp,Version=v5.0": {
      "soil.buffers": {
        "type": "Project",
        "dependencies": {
          "Soil.ObjectPool": "1.0.0"
        }
      },
      "soil.objectpool": {
        "type": "Project"
      },
      "soil.threading": {
        "type": "Project"
      },
      "soil.types": {
        "type": "Project"
      },
      "soil.utils": {
        "type": "Project",
        "dependencies": {
          "Soil.Threading": "1.0.0"
        }
      }
    },
    "net6.0": {
      "soil.buffers": {
        "type": "Project",
        "dependencies": {
          "Soil.ObjectPool": "1.0.0"
        }
      },
      "soil.objectpool": {
        "type": "Project"
      },
      "soil.threading": {
        "type": "Project"
      },
      "soil.types": {
        "type": "Project"
      },
      "soil.utils": {
        "type": "Project",
        "dependencies": {
          "Soil.Threading": "1.0.0"
        }
      }
    }
  }
}